
Microsoft Visual Studio Solution File, Format Version 12.00
# Visual Studio Version 16
VisualStudioVersion = 16.0.32002.261
MinimumVisualStudioVersion = 10.0.40219.1
Project("{FAE04EC0-301F-11D3-BF4B-00C04F79EFBC}") = "BloodBank", "BloodBank\BloodBank.csproj", "{5E5B06B8-F215-4E94-B48E-69587F3B013E}"
EndProject
Global
	GlobalSection(SolutionConfigurationPlatforms) = preSolution
		Debug|Any CPU = Debug|Any CPU
		Release|Any CPU = Release|Any CPU
	EndGlobalSection
	GlobalSection(ProjectConfigurationPlatforms) = postSolution
		{5E5B06B8-F215-4E94-B48E-69587F3B013E}.Debug|Any CPU.ActiveCfg = Debug|Any CPU
		{5E5B06B8-F215-4E94-B48E-69587F3B013E}.Debug|Any CPU.Build.0 = Debug|Any CPU
		{5E5B06B8-F215-4E94-B48E-69587F3B013E}.Release|Any CPU.ActiveCfg = Release|Any CPU
		{5E5B06B8-F215-4E94-B48E-69587F3B013E}.Release|Any CPU.Build.0 = Release|Any CPU
	EndGlobalSection
	GlobalSection(SolutionProperties) = preSolution
		HideSolutionNode = FALSE
	EndGlobalSection
	GlobalSection(ExtensibilityGlobals) = postSolution
		SolutionGuid = {2009FAD4-75A7-45E8-868F-27440B783B76}
	EndGlobalSection
EndGlobal
